// !$*UTF8*$!
{
	archiveVersion = 1;
	classes = {
	};
	objectVersion = 50;
	objects = {

/* Begin PBXBuildFile section */
		355431EA21F54832008C0BCD /* AppDelegate.swift in Sources */ = {isa = PBXBuildFile; fileRef = 355431E921F54832008C0BCD /* AppDelegate.swift */; };
		355431EC21F54832008C0BCD /* ViewController.swift in Sources */ = {isa = PBXBuildFile; fileRef = 355431EB21F54832008C0BCD /* ViewController.swift */; };
		355431EF21F54832008C0BCD /* Main.storyboard in Resources */ = {isa = PBXBuildFile; fileRef = 355431ED21F54832008C0BCD /* Main.storyboard */; };
		355431F121F54833008C0BCD /* Assets.xcassets in Resources */ = {isa = PBXBuildFile; fileRef = 355431F021F54833008C0BCD /* Assets.xcassets */; };
		355431F421F54833008C0BCD /* LaunchScreen.storyboard in Resources */ = {isa = PBXBuildFile; fileRef = 355431F221F54833008C0BCD /* LaunchScreen.storyboard */; };
		3554320021F57A45008C0BCD /* DetailViewController.swift in Sources */ = {isa = PBXBuildFile; fileRef = 355431FF21F57A45008C0BCD /* DetailViewController.swift */; };
		ADDB26D03ED3C833F409B9E8 /* Pods_iOS_Challenge.framework in Frameworks */ = {isa = PBXBuildFile; fileRef = 50E05D54F3852DDAC7281085 /* Pods_iOS_Challenge.framework */; };
/* End PBXBuildFile section */

/* Begin PBXFileReference section */
		13AC0580625C701BE4E0CC33 /* Pods-iOS Challenge.debug.xcconfig */ = {isa = PBXFileReference; includeInIndex = 1; lastKnownFileType = text.xcconfig; name = "Pods-iOS Challenge.debug.xcconfig"; path = "Pods/Target Support Files/Pods-iOS Challenge/Pods-iOS Challenge.debug.xcconfig"; sourceTree = "<group>"; };
		355431E621F54832008C0BCD /* iOS Challenge.app */ = {isa = PBXFileReference; explicitFileType = wrapper.application; includeInIndex = 0; path = "iOS Challenge.app"; sourceTree = BUILT_PRODUCTS_DIR; };
		355431E921F54832008C0BCD /* AppDelegate.swift */ = {isa = PBXFileReference; lastKnownFileType = sourcecode.swift; path = AppDelegate.swift; sourceTree = "<group>"; };
		355431EB21F54832008C0BCD /* ViewController.swift */ = {isa = PBXFileReference; lastKnownFileType = sourcecode.swift; path = ViewController.swift; sourceTree = "<group>"; };
		355431EE21F54832008C0BCD /* Base */ = {isa = PBXFileReference; lastKnownFileType = file.storyboard; name = Base; path = Base.lproj/Main.storyboard; sourceTree = "<group>"; };
		355431F021F54833008C0BCD /* Assets.xcassets */ = {isa = PBXFileReference; lastKnownFileType = folder.assetcatalog; path = Assets.xcassets; sourceTree = "<group>"; };
		355431F321F54833008C0BCD /* Base */ = {isa = PBXFileReference; lastKnownFileType = file.storyboard; name = Base; path = Base.lproj/LaunchScreen.storyboard; sourceTree = "<group>"; };
		355431F521F54833008C0BCD /* Info.plist */ = {isa = PBXFileReference; lastKnownFileType = text.plist.xml; path = Info.plist; sourceTree = "<group>"; };
		355431FF21F57A45008C0BCD /* DetailViewController.swift */ = {isa = PBXFileReference; lastKnownFileType = sourcecode.swift; path = DetailViewController.swift; sourceTree = "<group>"; };
		50E05D54F3852DDAC7281085 /* Pods_iOS_Challenge.framework */ = {isa = PBXFileReference; explicitFileType = wrapper.framework; includeInIndex = 0; path = Pods_iOS_Challenge.framework; sourceTree = BUILT_PRODUCTS_DIR; };
		AF84CFEBAD6840B799425BF0 /* Pods-iOS Challenge.release.xcconfig */ = {isa = PBXFileReference; includeInIndex = 1; lastKnownFileType = text.xcconfig; name = "Pods-iOS Challenge.release.xcconfig"; path = "Pods/Target Support Files/Pods-iOS Challenge/Pods-iOS Challenge.release.xcconfig"; sourceTree = "<group>"; };
/* End PBXFileReference section */

/* Begin PBXFrameworksBuildPhase section */
		355431E321F54832008C0BCD /* Frameworks */ = {
			isa = PBXFrameworksBuildPhase;
			buildActionMask = 2147483647;
			files = (
				ADDB26D03ED3C833F409B9E8 /* Pods_iOS_Challenge.framework in Frameworks */,
			);
			runOnlyForDeploymentPostprocessing = 0;
		};
/* End PBXFrameworksBuildPhase section */

/* Begin PBXGroup section */
		355431DD21F54832008C0BCD = {
			isa = PBXGroup;
			children = (
				355431E821F54832008C0BCD /* iOS Challenge */,
				355431E721F54832008C0BCD /* Products */,
				EB3B4BB1CCD379A9AA2BB1F0 /* Pods */,
				7BA304092D12B2D09FE7D932 /* Frameworks */,
			);
			sourceTree = "<group>";
		};
		355431E721F54832008C0BCD /* Products */ = {
			isa = PBXGroup;
			children = (
				355431E621F54832008C0BCD /* iOS Challenge.app */,
			);
			name = Products;
			sourceTree = "<group>";
		};
		355431E821F54832008C0BCD /* iOS Challenge */ = {
			isa = PBXGroup;
			children = (
				355431E921F54832008C0BCD /* AppDelegate.swift */,
				355431EB21F54832008C0BCD /* ViewController.swift */,
				355431ED21F54832008C0BCD /* Main.storyboard */,
				355431FF21F57A45008C0BCD /* DetailViewController.swift */,
				355431F021F54833008C0BCD /* Assets.xcassets */,
				355431F221F54833008C0BCD /* LaunchScreen.storyboard */,
				355431F521F54833008C0BCD /* Info.plist */,
			);
			path = "iOS Challenge";
			sourceTree = "<group>";
		};
		7BA304092D12B2D09FE7D932 /* Frameworks */ = {
			isa = PBXGroup;
			children = (
				50E05D54F3852DDAC7281085 /* Pods_iOS_Challenge.framework */,
			);
			name = Frameworks;
			sourceTree = "<group>";
		};
		EB3B4BB1CCD379A9AA2BB1F0 /* Pods */ = {
			isa = PBXGroup;
			children = (
				13AC0580625C701BE4E0CC33 /* Pods-iOS Challenge.debug.xcconfig */,
				AF84CFEBAD6840B799425BF0 /* Pods-iOS Challenge.release.xcconfig */,
			);
			name = Pods;
			sourceTree = "<group>";
		};
/* End PBXGroup section */

/* Begin PBXNativeTarget section */
		355431E521F54832008C0BCD /* iOS Challenge */ = {
			isa = PBXNativeTarget;
			buildConfigurationList = 355431F821F54833008C0BCD /* Build configuration list for PBXNativeTarget "iOS Challenge" */;
			buildPhases = (
				A4C110E004E1DB66AF422569 /* [CP] Check Pods Manifest.lock */,
				355431E221F54832008C0BCD /* Sources */,
				355431E321F54832008C0BCD /* Frameworks */,
				355431E421F54832008C0BCD /* Resources */,
				20A7AFFE3B0B1298630E22D9 /* [CP] Embed Pods Frameworks */,
			);
			buildRules = (
			);
			dependencies = (
			);
			name = "iOS Challenge";
			productName = "iOS Challenge";
			productReference = 355431E621F54832008C0BCD /* iOS Challenge.app */;
			productType = "com.apple.product-type.application";
		};
/* End PBXNativeTarget section */

/* Begin PBXProject section */
		355431DE21F54832008C0BCD /* Project object */ = {
			isa = PBXProject;
			attributes = {
				LastSwiftUpdateCheck = 1010;
				LastUpgradeCheck = 1010;
				ORGANIZATIONNAME = "Ali Ansari";
				TargetAttributes = {
					355431E521F54832008C0BCD = {
						CreatedOnToolsVersion = 10.1;
					};
				};
			};
			buildConfigurationList = 355431E121F54832008C0BCD /* Build configuration list for PBXProject "iOS Challenge" */;
			compatibilityVersion = "Xcode 9.3";
			developmentRegion = en;
			hasScannedForEncodings = 0;
			knownRegions = (
				en,
				Base,
			);
			mainGroup = 355431DD21F54832008C0BCD;
			productRefGroup = 355431E721F54832008C0BCD /* Products */;
			projectDirPath = "";
			projectRoot = "";
			targets = (
				355431E521F54832008C0BCD /* iOS Challenge */,
			);
		};
/* End PBXProject section */

/* Begin PBXResourcesBuildPhase section */
		355431E421F54832008C0BCD /* Resources */ = {
			isa = PBXResourcesBuildPhase;
			buildActionMask = 2147483647;
			files = (
				355431F421F54833008C0BCD /* LaunchScreen.storyboard in Resources */,
				355431F121F54833008C0BCD /* Assets.xcassets in Resources */,
				355431EF21F54832008C0BCD /* Main.storyboard in Resources */,
			);
			runOnlyForDeploymentPostprocessing = 0;
		};
/* End PBXResourcesBuildPhase section */

/* Begin PBXShellScriptBuildPhase section */
		20A7AFFE3B0B1298630E22D9 /* [CP] Embed Pods Frameworks */ = {
			isa = PBXShellScriptBuildPhase;
			buildActionMask = 2147483647;
			files = (
			);
			inputFileListPaths = (
			);
			inputPaths = (
				"${SRCROOT}/Pods/Target Support Files/Pods-iOS Challenge/Pods-iOS Challenge-frameworks.sh",
				"${BUILT_PRODUCTS_DIR}/Alamofire/Alamofire.framework",
				"${BUILT_PRODUCTS_DIR}/SwiftyJSON/SwiftyJSON.framework",
			);
			name = "[CP] Embed Pods Frameworks";
			outputFileListPaths = (
			);
			outputPaths = (
				"${TARGET_BUILD_DIR}/${FRAMEWORKS_FOLDER_PATH}/Alamofire.framework",
				"${TARGET_BUILD_DIR}/${FRAMEWORKS_FOLDER_PATH}/SwiftyJSON.framework",
			);
			runOnlyForDeploymentPostprocessing = 0;
			shellPath = /bin/sh;
			shellScript = "\"${SRCROOT}/Pods/Target Support Files/Pods-iOS Challenge/Pods-iOS Challenge-frameworks.sh\"\n";
			showEnvVarsInLog = 0;
		};
		A4C110E004E1DB66AF422569 /* [CP] Check Pods Manifest.lock */ = {
			isa = PBXShellScriptBuildPhase;
			buildActionMask = 2147483647;
			files = (
			);
			inputFileListPaths = (
			);
			inputPaths = (
				"${PODS_PODFILE_DIR_PATH}/Podfile.lock",
				"${PODS_ROOT}/Manifest.lock",
			);
			name = "[CP] Check Pods Manifest.lock";
			outputFileListPaths = (
			);
			outputPaths = (
				"$(DERIVED_FILE_DIR)/Pods-iOS Challenge-checkManifestLockResult.txt",
			);
			runOnlyForDeploymentPostprocessing = 0;
			shellPath = /bin/sh;
			shellScript = "diff \"${PODS_PODFILE_DIR_PATH}/Podfile.lock\" \"${PODS_ROOT}/Manifest.lock\" > /dev/null\nif [ $? != 0 ] ; then\n    # print error to STDERR\n    echo \"error: The sandbox is not in sync with the Podfile.lock. Run 'pod install' or update your CocoaPods installation.\" >&2\n    exit 1\nfi\n# This output is used by Xcode 'outputs' to avoid re-running this script phase.\necho \"SUCCESS\" > \"${SCRIPT_OUTPUT_FILE_0}\"\n";
			showEnvVarsInLog = 0;
		};
/* End PBXShellScriptBuildPhase section */

/* Begin PBXSourcesBuildPhase section */
		355431E221F54832008C0BCD /* Sources */ = {
			isa = PBXSourcesBuildPhase;
			buildActionMask = 2147483647;
			files = (
				3554320021F57A45008C0BCD /* DetailViewController.swift in Sources */,
				355431EC21F54832008C0BCD /* ViewController.swift in Sources */,
				355431EA21F54832008C0BCD /* AppDelegate.swift in Sources */,
			);
			runOnlyForDeploymentPostprocessing = 0;
		};
/* End PBXSourcesBuildPhase section */

/* Begin PBXVariantGroup section */
		355431ED21F54832008C0BCD /* Main.storyboard */ = {
			isa = PBXVariantGroup;
			children = (
				355431EE21F54832008C0BCD /* Base */,
			);
			name = Main.storyboard;
			sourceTree = "<group>";
		};
		355431F221F54833008C0BCD /* LaunchScreen.storyboard */ = {
			isa = PBXVariantGroup;
			children = (
				355431F321F54833008C0BCD /* Base */,
			);
			name = LaunchScreen.storyboard;
			sourceTree = "<group>";
		};
/* End PBXVariantGroup section */

/* Begin XCBuildConfiguration section */
		355431F621F54833008C0BCD /* Debug */ = {
			isa = XCBuildConfiguration;
			buildSettings = {
				ALWAYS_SEARCH_USER_PATHS = NO;
				CLANG_ANALYZER_NONNULL = YES;
				CLANG_ANALYZER_NUMBER_OBJECT_CONVERSION = YES_AGGRESSIVE;
				CLANG_CXX_LANGUAGE_STANDARD = "gnu++14";
				CLANG_CXX_LIBRARY = "libc++";
				CLANG_ENABLE_MODULES = YES;
				CLANG_ENABLE_OBJC_ARC = YES;
				CLANG_ENABLE_OBJC_WEAK = YES;
				CLANG_WARN_BLOCK_CAPTURE_AUTORELEASING = YES;
				CLANG_WARN_BOOL_CONVERSION = YES;
				CLANG_WARN_COMMA = YES;
				CLANG_WARN_CONSTANT_CONVERSION = YES;
				CLANG_WARN_DEPRECATED_OBJC_IMPLEMENTATIONS = YES;
				CLANG_WARN_DIRECT_OBJC_ISA_USAGE = YES_ERROR;
				CLANG_WARN_DOCUMENTATION_COMMENTS = YES;
				CLANG_WARN_EMPTY_BODY = YES;
				CLANG_WARN_ENUM_CONVERSION = YES;
				CLANG_WARN_INFINITE_RECURSION = YES;
				CLANG_WARN_INT_CONVERSION = YES;
				CLANG_WARN_NON_LITERAL_NULL_CONVERSION = YES;
				CLANG_WARN_OBJC_IMPLICIT_RETAIN_SELF = YES;
				CLANG_WARN_OBJC_LITERAL_CONVERSION = YES;
				CLANG_WARN_OBJC_ROOT_CLASS = YES_ERROR;
				CLANG_WARN_RANGE_LOOP_ANALYSIS = YES;
				CLANG_WARN_STRICT_PROTOTYPES = YES;
				CLANG_WARN_SUSPICIOUS_MOVE = YES;
				CLANG_WARN_UNGUARDED_AVAILABILITY = YES_AGGRESSIVE;
				CLANG_WARN_UNREACHABLE_CODE = YES;
				CLANG_WARN__DUPLICATE_METHOD_MATCH = YES;
				CODE_SIGN_IDENTITY = "iPhone Developer";
				COPY_PHASE_STRIP = NO;
				DEBUG_INFORMATION_FORMAT = dwarf;
				ENABLE_STRICT_OBJC_MSGSEND = YES;
				ENABLE_TESTABILITY = YES;
				GCC_C_LANGUAGE_STANDARD = gnu11;
				GCC_DYNAMIC_NO_PIC = NO;
				GCC_NO_COMMON_BLOCKS = YES;
				GCC_OPTIMIZATION_LEVEL = 0;
				GCC_PREPROCESSOR_DEFINITIONS = (
					"DEBUG=1",
					"$(inherited)",
				);
				GCC_WARN_64_TO_32_BIT_CONVERSION = YES;
				GCC_WARN_ABOUT_RETURN_TYPE = YES_ERROR;
				GCC_WARN_UNDECLARED_SELECTOR = YES;
				GCC_WARN_UNINITIALIZED_AUTOS = YES_AGGRESSIVE;
				GCC_WARN_UNUSED_FUNCTION = YES;
				GCC_WARN_UNUSED_VARIABLE = YES;
				IPHONEOS_DEPLOYMENT_TARGET = 12.1;
				MTL_ENABLE_DEBUG_INFO = INCLUDE_SOURCE;
				MTL_FAST_MATH = YES;
				ONLY_ACTIVE_ARCH = YES;
				SDKROOT = iphoneos;
				SWIFT_ACTIVE_COMPILATION_CONDITIONS = DEBUG;
				SWIFT_OPTIMIZATION_LEVEL = "-Onone";
			};
			name = Debug;
		};
		355431F721F54833008C0BCD /* Release */ = {
			isa = XCBuildConfiguration;
			buildSettings = {
				ALWAYS_SEARCH_USER_PATHS = NO;
				CLANG_ANALYZER_NONNULL = YES;
				CLANG_ANALYZER_NUMBER_OBJECT_CONVERSION = YES_AGGRESSIVE;
				CLANG_CXX_LANGUAGE_STANDARD = "gnu++14";
				CLANG_CXX_LIBRARY = "libc++";
				CLANG_ENABLE_MODULES = YES;
				CLANG_ENABLE_OBJC_ARC = YES;
				CLANG_ENABLE_OBJC_WEAK = YES;
				CLANG_WARN_BLOCK_CAPTURE_AUTORELEASING = YES;
				CLANG_WARN_BOOL_CONVERSION = YES;
				CLANG_WARN_COMMA = YES;
				CLANG_WARN_CONSTANT_CONVERSION = YES;
				CLANG_WARN_DEPRECATED_OBJC_IMPLEMENTATIONS = YES;
				CLANG_WARN_DIRECT_OBJC_ISA_USAGE = YES_ERROR;
				CLANG_WARN_DOCUMENTATION_COMMENTS = YES;
				CLANG_WARN_EMPTY_BODY = YES;
				CLANG_WARN_ENUM_CONVERSION = YES;
				CLANG_WARN_INFINITE_RECURSION = YES;
				CLANG_WARN_INT_CONVERSION = YES;
				CLANG_WARN_NON_LITERAL_NULL_CONVERSION = YES;
				CLANG_WARN_OBJC_IMPLICIT_RETAIN_SELF = YES;
				CLANG_WARN_OBJC_LITERAL_CONVERSION = YES;
				CLANG_WARN_OBJC_ROOT_CLASS = YES_ERROR;
				CLANG_WARN_RANGE_LOOP_ANALYSIS = YES;
				CLANG_WARN_STRICT_PROTOTYPES = YES;
				CLANG_WARN_SUSPICIOUS_MOVE = YES;
				CLANG_WARN_UNGUARDED_AVAILABILITY = YES_AGGRESSIVE;
				CLANG_WARN_UNREACHABLE_CODE = YES;
				CLANG_WARN__DUPLICATE_METHOD_MATCH = YES;
				CODE_SIGN_IDENTITY = "iPhone Developer";
				COPY_PHASE_STRIP = NO;
				DEBUG_INFORMATION_FORMAT = "dwarf-with-dsym";
				ENABLE_NS_ASSERTIONS = NO;
				ENABLE_STRICT_OBJC_MSGSEND = YES;
				GCC_C_LANGUAGE_STANDARD = gnu11;
				GCC_NO_COMMON_BLOCKS = YES;
				GCC_WARN_64_TO_32_BIT_CONVERSION = YES;
				GCC_WARN_ABOUT_RETURN_TYPE = YES_ERROR;
				GCC_WARN_UNDECLARED_SELECTOR = YES;
				GCC_WARN_UNINITIALIZED_AUTOS = YES_AGGRESSIVE;
				GCC_WARN_UNUSED_FUNCTION = YES;
				GCC_WARN_UNUSED_VARIABLE = YES;
				IPHONEOS_DEPLOYMENT_TARGET = 12.1;
				MTL_ENABLE_DEBUG_INFO = NO;
				MTL_FAST_MATH = YES;
				SDKROOT = iphoneos;
				SWIFT_COMPILATION_MODE = wholemodule;
				SWIFT_OPTIMIZATION_LEVEL = "-O";
				VALIDATE_PRODUCT = YES;
			};
			name = Release;
		};
		355431F921F54833008C0BCD /* Debug */ = {
			isa = XCBuildConfiguration;
			baseConfigurationReference = 13AC0580625C701BE4E0CC33 /* Pods-iOS Challenge.debug.xcconfig */;
			buildSettings = {
				ASSETCATALOG_COMPILER_APPICON_NAME = AppIcon;
				CODE_SIGN_STYLE = Automatic;
				DEVELOPMENT_TEAM = W3WQLJHUFB;
				INFOPLIST_FILE = "iOS Challenge/Info.plist";
				LD_RUNPATH_SEARCH_PATHS = (
					"$(inherited)",
					"@executable_path/Frameworks",
				);
				PRODUCT_BUNDLE_IDENTIFIER = "com.ansariali.iOS-Intern-Challenge";
				PRODUCT_NAME = "$(TARGET_NAME)";
				SWIFT_VERSION = 4.2;
				TARGETED_DEVICE_FAMILY = "1,2";
			};
			name = Debug;
		};
		355431FA21F54833008C0BCD /* Release */ = {
			isa = XCBuildConfiguration;
			baseConfigurationReference = AF84CFEBAD6840B799425BF0 /* Pods-iOS Challenge.release.xcconfig */;
			buildSettings = {
				ASSETCATALOG_COMPILER_APPICON_NAME = AppIcon;
				CODE_SIGN_STYLE = Automatic;
				DEVELOPMENT_TEAM = W3WQLJHUFB;
				INFOPLIST_FILE = "iOS Challenge/Info.plist";
				LD_RUNPATH_SEARCH_PATHS = (
					"$(inherited)",
					"@executable_path/Frameworks",
				);
				PRODUCT_BUNDLE_IDENTIFIER = "com.ansariali.iOS-Intern-Challenge";
				PRODUCT_NAME = "$(TARGET_NAME)";
				SWIFT_VERSION = 4.2;
				TARGETED_DEVICE_FAMILY = "1,2";
			};
			name = Release;
		};
/* End XCBuildConfiguration section */

/* Begin XCConfigurationList section */
		355431E121F54832008C0BCD /* Build configuration list for PBXProject "iOS Challenge" */ = {
			isa = XCConfigurationList;
			buildConfigurations = (
				355431F621F54833008C0BCD /* Debug */,
				355431F721F54833008C0BCD /* Release */,
			);
			defaultConfigurationIsVisible = 0;
			defaultConfigurationName = Release;
		};
		355431F821F54833008C0BCD /* Build configuration list for PBXNativeTarget "iOS Challenge" */ = {
			isa = XCConfigurationList;
			buildConfigurations = (
				355431F921F54833008C0BCD /* Debug */,
				355431FA21F54833008C0BCD /* Release */,
			);
			defaultConfigurationIsVisible = 0;
			defaultConfigurationName = Release;
		};
/* End XCConfigurationList section */
	};
	rootObject = 355431DE21F54832008C0BCD /* Project object */;
}
